
Microsoft Visual Studio Solution File, Format Version 12.00
# Visual Studio Version 16
VisualStudioVersion = 16.0.31424.327
MinimumVisualStudioVersion = 10.0.40219.1
Project("{FAE04EC0-301F-11D3-BF4B-00C04F79EFBC}") = "cggg", "cggg.csproj", "{B31415C4-4704-4CAB-97EC-07B64420DE18}"
EndProject
Global
	GlobalSection(SolutionConfigurationPlatforms) = preSolution
		Debug|Any CPU = Debug|Any CPU
		Release|Any CPU = Release|Any CPU
	EndGlobalSection
	GlobalSection(ProjectConfigurationPlatforms) = postSolution
		{B31415C4-4704-4CAB-97EC-07B64420DE18}.Debug|Any CPU.ActiveCfg = Debug|Any CPU
		{B31415C4-4704-4CAB-97EC-07B64420DE18}.Debug|Any CPU.Build.0 = Debug|Any CPU
		{B31415C4-4704-4CAB-97EC-07B64420DE18}.Release|Any CPU.ActiveCfg = Release|Any CPU
		{B31415C4-4704-4CAB-97EC-07B64420DE18}.Release|Any CPU.Build.0 = Release|Any CPU
	EndGlobalSection
	GlobalSection(SolutionProperties) = preSolution
		HideSolutionNode = FALSE
	EndGlobalSection
	GlobalSection(ExtensibilityGlobals) = postSolution
		SolutionGuid = {25089BB5-B581-46C1-8074-E62C9CD7D114}
	EndGlobalSection
EndGlobal
